Microsoft Visual Studio Solution File, Format Version 12.00
# Visual Studio Version 17
VisualStudioVersion = 17.0.31903.59
MinimumVisualStudioVersion = 10.0.40219.1
Project("{1985BAFD-C4B0-4000-8FF5-8A32F8261E00}") = "ArmorPaint", "ArmorPaint.vcxproj", "{1985BAFA-CA20-4000-87D6-87CC649B9200}"
EndProject
Global
	GlobalSection(SolutionConfigurationPlatforms) = preSolution
		Debug|x64 = Debug|x64
		Develop|x64 = Develop|x64
		Release|x64 = Release|x64
	EndGlobalSection
	GlobalSection(ProjectConfigurationPlatforms) = postSolution
		{1985BAFA-CA20-4000-87D6-87CC649B9200}.Debug|x64.ActiveCfg = Debug|x64
		{1985BAFA-CA20-4000-87D6-87CC649B9200}.Debug|x64.Build.0 = Debug|x64
		{1985BAFA-CA20-4000-87D6-87CC649B9200}.Develop|x64.ActiveCfg = Develop|x64
		{1985BAFA-CA20-4000-87D6-87CC649B9200}.Develop|x64.Build.0 = Develop|x64
		{1985BAFA-CA20-4000-87D6-87CC649B9200}.Release|x64.ActiveCfg = Release|x64
		{1985BAFA-CA20-4000-87D6-87CC649B9200}.Release|x64.Build.0 = Release|x64
	EndGlobalSection
	GlobalSection(SolutionProperties) = preSolution
		HideSolutionNode = FALSE
	EndGlobalSection
EndGlobal
